
Microsoft Visual Studio Solution File, Format Version 12.00
# Visual Studio Version 17
VisualStudioVersion = 17.13.35919.96
MinimumVisualStudioVersion = 10.0.40219.1
Project("{FAE04EC0-301F-11D3-BF4B-00C04F79EFBC}") = "ConsoleApp1", "ConsoleApp1\ConsoleApp1.csproj", "{49BD46DA-97F5-4F66-A534-00CE8891F849}"
EndProject
Project("{FAE04EC0-301F-11D3-BF4B-00C04F79EFBC}") = "ClassLibrary1", "ClassLibrary1\ClassLibrary1.csproj", "{FE368CB7-EBC6-4067-989C-5CB6CA62A611}"
EndProject
Project("{FAE04EC0-301F-11D3-BF4B-00C04F79EFBC}") = "TestCalcolatrice", "TestCalcolatrice\TestCalcolatrice.csproj", "{09760A4B-7220-48DF-A4E9-BCBFE4CC9749}"
EndProject
Global
	GlobalSection(SolutionConfigurationPlatforms) = preSolution
		Debug|Any CPU = Debug|Any CPU
		Release|Any CPU = Release|Any CPU
	EndGlobalSection
	GlobalSection(ProjectConfigurationPlatforms) = postSolution
		{49BD46DA-97F5-4F66-A534-00CE8891F849}.Debug|Any CPU.ActiveCfg = Debug|Any CPU
		{49BD46DA-97F5-4F66-A534-00CE8891F849}.Debug|Any CPU.Build.0 = Debug|Any CPU
		{49BD46DA-97F5-4F66-A534-00CE8891F849}.Release|Any CPU.ActiveCfg = Release|Any CPU
		{49BD46DA-97F5-4F66-A534-00CE8891F849}.Release|Any CPU.Build.0 = Release|Any CPU
		{FE368CB7-EBC6-4067-989C-5CB6CA62A611}.Debug|Any CPU.ActiveCfg = Debug|Any CPU
		{FE368CB7-EBC6-4067-989C-5CB6CA62A611}.Debug|Any CPU.Build.0 = Debug|Any CPU
		{FE368CB7-EBC6-4067-989C-5CB6CA62A611}.Release|Any CPU.ActiveCfg = Release|Any CPU
		{FE368CB7-EBC6-4067-989C-5CB6CA62A611}.Release|Any CPU.Build.0 = Release|Any CPU
		{09760A4B-7220-48DF-A4E9-BCBFE4CC9749}.Debug|Any CPU.ActiveCfg = Debug|Any CPU
		{09760A4B-7220-48DF-A4E9-BCBFE4CC9749}.Debug|Any CPU.Build.0 = Debug|Any CPU
		{09760A4B-7220-48DF-A4E9-BCBFE4CC9749}.Release|Any CPU.ActiveCfg = Release|Any CPU
		{09760A4B-7220-48DF-A4E9-BCBFE4CC9749}.Release|Any CPU.Build.0 = Release|Any CPU
	EndGlobalSection
	GlobalSection(SolutionProperties) = preSolution
		HideSolutionNode = FALSE
	EndGlobalSection
	GlobalSection(ExtensibilityGlobals) = postSolution
		SolutionGuid = {15BFE970-F94C-4EE3-8C13-CE501940E636}
	EndGlobalSection
EndGlobal
